{
  "requires": true,
  "lockfileVersion": 1,
  "dependencies": {
    "intl": {
      "version": "1.2.5",
      "resolved": "https://registry.npmjs.org/intl/-/intl-1.2.5.tgz",
      "integrity": "sha1-giRKIZDE5Bn4Nx9ao02qNCDiq94="
    },
    "vue-i18n": {
      "version": "8.22.2",
      "resolved": "https://registry.npmjs.org/vue-i18n/-/vue-i18n-8.22.2.tgz",
      "integrity": "sha512-rb569fVJInPUgS/bbCxEQ9DrAoFTntuJvYoK4Fpk2VfNbA09WzdTKk57ppjz3S+ps9hW+p9H+2ASgMvojedkow=="
    }
  }
}
